// !$*UTF8*$!
{
	archiveVersion = 1;
	classes = {
	};
	objectVersion = 50;
	objects = {

/* Begin PBXBuildFile section */
		537E7B3E246119EC008F579A /* AppDelegate.swift in Sources */ = {isa = PBXBuildFile; fileRef = 537E7B3D246119EC008F579A /* AppDelegate.swift */; };
		537E7B40246119EC008F579A /* SceneDelegate.swift in Sources */ = {isa = PBXBuildFile; fileRef = 537E7B3F246119EC008F579A /* SceneDelegate.swift */; };
		537E7B42246119EC008F579A /* ViewController.swift in Sources */ = {isa = PBXBuildFile; fileRef = 537E7B41246119EC008F579A /* ViewController.swift */; };
		537E7B45246119EC008F579A /* Main.storyboard in Resources */ = {isa = PBXBuildFile; fileRef = 537E7B43246119EC008F579A /* Main.storyboard */; };
		537E7B47246119EE008F579A /* Assets.xcassets in Resources */ = {isa = PBXBuildFile; fileRef = 537E7B46246119EE008F579A /* Assets.xcassets */; };
		537E7B4A246119EE008F579A /* LaunchScreen.storyboard in Resources */ = {isa = PBXBuildFile; fileRef = 537E7B48246119EE008F579A /* LaunchScreen.storyboard */; };
		537E7B55246119EE008F579A /* gacha12Tests.swift in Sources */ = {isa = PBXBuildFile; fileRef = 537E7B54246119EE008F579A /* gacha12Tests.swift */; };
		537E7B60246119EE008F579A /* gacha12UITests.swift in Sources */ = {isa = PBXBuildFile; fileRef = 537E7B5F246119EE008F579A /* gacha12UITests.swift */; };
		537E7B7E24611B92008F579A /* bg_blue@2x.png in Resources */ = {isa = PBXBuildFile; fileRef = 537E7B6F24611B92008F579A /* bg_blue@2x.png */; };
		537E7B7F24611B92008F579A /* bg_gold@2x.png in Resources */ = {isa = PBXBuildFile; fileRef = 537E7B7024611B92008F579A /* bg_gold@2x.png */; };
		537E7B8024611B92008F579A /* gacha@2x.png in Resources */ = {isa = PBXBuildFile; fileRef = 537E7B7124611B92008F579A /* gacha@2x.png */; };
		537E7B8124611B92008F579A /* bg_red@2x.png in Resources */ = {isa = PBXBuildFile; fileRef = 537E7B7224611B92008F579A /* bg_red@2x.png */; };
		537E7B8224611B92008F579A /* monster005.png in Resources */ = {isa = PBXBuildFile; fileRef = 537E7B7424611B92008F579A /* monster005.png */; };
		537E7B8324611B92008F579A /* monster010.png in Resources */ = {isa = PBXBuildFile; fileRef = 537E7B7524611B92008F579A /* monster010.png */; };
		537E7B8424611B92008F579A /* monster004.png in Resources */ = {isa = PBXBuildFile; fileRef = 537E7B7624611B92008F579A /* monster004.png */; };
		537E7B8524611B92008F579A /* monster006.png in Resources */ = {isa = PBXBuildFile; fileRef = 537E7B7724611B92008F579A /* monster006.png */; };
		537E7B8624611B92008F579A /* monster007.png in Resources */ = {isa = PBXBuildFile; fileRef = 537E7B7824611B92008F579A /* monster007.png */; };
		537E7B8724611B92008F579A /* monster003.png in Resources */ = {isa = PBXBuildFile; fileRef = 537E7B7924611B92008F579A /* monster003.png */; };
		537E7B8824611B92008F579A /* monster002.png in Resources */ = {isa = PBXBuildFile; fileRef = 537E7B7A24611B92008F579A /* monster002.png */; };
		537E7B8924611B92008F579A /* monster001.png in Resources */ = {isa = PBXBuildFile; fileRef = 537E7B7B24611B92008F579A /* monster001.png */; };
		537E7B8A24611B92008F579A /* monster009.png in Resources */ = {isa = PBXBuildFile; fileRef = 537E7B7C24611B92008F579A /* monster009.png */; };
		537E7B8B24611B92008F579A /* monster008.png in Resources */ = {isa = PBXBuildFile; fileRef = 537E7B7D24611B92008F579A /* monster008.png */; };
		537E7B8D246141F7008F579A /* ResultViewController.swift in Sources */ = {isa = PBXBuildFile; fileRef = 537E7B8C246141F7008F579A /* ResultViewController.swift */; };
/* End PBXBuildFile section */

/* Begin PBXContainerItemProxy section */
		537E7B51246119EE008F579A /* PBXContainerItemProxy */ = {
			isa = PBXContainerItemProxy;
			containerPortal = 537E7B32246119EC008F579A /* Project object */;
			proxyType = 1;
			remoteGlobalIDString = 537E7B39246119EC008F579A;
			remoteInfo = gacha12;
		};
		537E7B5C246119EE008F579A /* PBXContainerItemProxy */ = {
			isa = PBXContainerItemProxy;
			containerPortal = 537E7B32246119EC008F579A /* Project object */;
			proxyType = 1;
			remoteGlobalIDString = 537E7B39246119EC008F579A;
			remoteInfo = gacha12;
		};
/* End PBXContainerItemProxy section */

/* Begin PBXFileReference section */
		537E7B3A246119EC008F579A /* gacha12.app */ = {isa = PBXFileReference; explicitFileType = wrapper.application; includeInIndex = 0; path = gacha12.app; sourceTree = BUILT_PRODUCTS_DIR; };
		537E7B3D246119EC008F579A /* AppDelegate.swift */ = {isa = PBXFileReference; lastKnownFileType = sourcecode.swift; path = AppDelegate.swift; sourceTree = "<group>"; };
		537E7B3F246119EC008F579A /* SceneDelegate.swift */ = {isa = PBXFileReference; lastKnownFileType = sourcecode.swift; path = SceneDelegate.swift; sourceTree = "<group>"; };
		537E7B41246119EC008F579A /* ViewController.swift */ = {isa = PBXFileReference; lastKnownFileType = sourcecode.swift; path = ViewController.swift; sourceTree = "<group>"; };
		537E7B44246119EC008F579A /* Base */ = {isa = PBXFileReference; lastKnownFileType = file.storyboard; name = Base; path = Base.lproj/Main.storyboard; sourceTree = "<group>"; };
		537E7B46246119EE008F579A /* Assets.xcassets */ = {isa = PBXFileReference; lastKnownFileType = folder.assetcatalog; path = Assets.xcassets; sourceTree = "<group>"; };
		537E7B49246119EE008F579A /* Base */ = {isa = PBXFileReference; lastKnownFileType = file.storyboard; name = Base; path = Base.lproj/LaunchScreen.storyboard; sourceTree = "<group>"; };
		537E7B4B246119EE008F579A /* Info.plist */ = {isa = PBXFileReference; lastKnownFileType = text.plist.xml; path = Info.plist; sourceTree = "<group>"; };
		537E7B50246119EE008F579A /* gacha12Tests.xctest */ = {isa = PBXFileReference; explicitFileType = wrapper.cfbundle; includeInIndex = 0; path = gacha12Tests.xctest; sourceTree = BUILT_PRODUCTS_DIR; };
		537E7B54246119EE008F579A /* gacha12Tests.swift */ = {isa = PBXFileReference; lastKnownFileType = sourcecode.swift; path = gacha12Tests.swift; sourceTree = "<group>"; };
		537E7B56246119EE008F579A /* Info.plist */ = {isa = PBXFileReference; lastKnownFileType = text.plist.xml; path = Info.plist; sourceTree = "<group>"; };
		537E7B5B246119EE008F579A /* gacha12UITests.xctest */ = {isa = PBXFileReference; explicitFileType = wrapper.cfbundle; includeInIndex = 0; path = gacha12UITests.xctest; sourceTree = BUILT_PRODUCTS_DIR; };
		537E7B5F246119EE008F579A /* gacha12UITests.swift */ = {isa = PBXFileReference; lastKnownFileType = sourcecode.swift; path = gacha12UITests.swift; sourceTree = "<group>"; };
		537E7B61246119EE008F579A /* Info.plist */ = {isa = PBXFileReference; lastKnownFileType = text.plist.xml; path = Info.plist; sourceTree = "<group>"; };
		537E7B6F24611B92008F579A /* bg_blue@2x.png */ = {isa = PBXFileReference; lastKnownFileType = image.png; path = "bg_blue@2x.png"; sourceTree = "<group>"; };
		537E7B7024611B92008F579A /* bg_gold@2x.png */ = {isa = PBXFileReference; lastKnownFileType = image.png; path = "bg_gold@2x.png"; sourceTree = "<group>"; };
		537E7B7124611B92008F579A /* gacha@2x.png */ = {isa = PBXFileReference; lastKnownFileType = image.png; path = "gacha@2x.png"; sourceTree = "<group>"; };
		537E7B7224611B92008F579A /* bg_red@2x.png */ = {isa = PBXFileReference; lastKnownFileType = image.png; path = "bg_red@2x.png"; sourceTree = "<group>"; };
		537E7B7424611B92008F579A /* monster005.png */ = {isa = PBXFileReference; lastKnownFileType = image.png; path = monster005.png; sourceTree = "<group>"; };
		537E7B7524611B92008F579A /* monster010.png */ = {isa = PBXFileReference; lastKnownFileType = image.png; path = monster010.png; sourceTree = "<group>"; };
		537E7B7624611B92008F579A /* monster004.png */ = {isa = PBXFileReference; lastKnownFileType = image.png; path = monster004.png; sourceTree = "<group>"; };
		537E7B7724611B92008F579A /* monster006.png */ = {isa = PBXFileReference; lastKnownFileType = image.png; path = monster006.png; sourceTree = "<group>"; };
		537E7B7824611B92008F579A /* monster007.png */ = {isa = PBXFileReference; lastKnownFileType = image.png; path = monster007.png; sourceTree = "<group>"; };
		537E7B7924611B92008F579A /* monster003.png */ = {isa = PBXFileReference; lastKnownFileType = image.png; path = monster003.png; sourceTree = "<group>"; };
		537E7B7A24611B92008F579A /* monster002.png */ = {isa = PBXFileReference; lastKnownFileType = image.png; path = monster002.png; sourceTree = "<group>"; };
		537E7B7B24611B92008F579A /* monster001.png */ = {isa = PBXFileReference; lastKnownFileType = image.png; path = monster001.png; sourceTree = "<group>"; };
		537E7B7C24611B92008F579A /* monster009.png */ = {isa = PBXFileReference; lastKnownFileType = image.png; path = monster009.png; sourceTree = "<group>"; };
		537E7B7D24611B92008F579A /* monster008.png */ = {isa = PBXFileReference; lastKnownFileType = image.png; path = monster008.png; sourceTree = "<group>"; };
		537E7B8C246141F7008F579A /* ResultViewController.swift */ = {isa = PBXFileReference; lastKnownFileType = sourcecode.swift; path = ResultViewController.swift; sourceTree = "<group>"; };
/* End PBXFileReference section */

/* Begin PBXFrameworksBuildPhase section */
		537E7B37246119EC008F579A /* Frameworks */ = {
			isa = PBXFrameworksBuildPhase;
			buildActionMask = 2147483647;
			files = (
			);
			runOnlyForDeploymentPostprocessing = 0;
		};
		537E7B4D246119EE008F579A /* Frameworks */ = {
			isa = PBXFrameworksBuildPhase;
			buildActionMask = 2147483647;
			files = (
			);
			runOnlyForDeploymentPostprocessing = 0;
		};
		537E7B58246119EE008F579A /* Frameworks */ = {
			isa = PBXFrameworksBuildPhase;
			buildActionMask = 2147483647;
			files = (
			);
			runOnlyForDeploymentPostprocessing = 0;
		};
/* End PBXFrameworksBuildPhase section */

/* Begin PBXGroup section */
		537E7B31246119EC008F579A = {
			isa = PBXGroup;
			children = (
				537E7B3C246119EC008F579A /* gacha12 */,
				537E7B53246119EE008F579A /* gacha12Tests */,
				537E7B5E246119EE008F579A /* gacha12UITests */,
				537E7B3B246119EC008F579A /* Products */,
			);
			sourceTree = "<group>";
		};
		537E7B3B246119EC008F579A /* Products */ = {
			isa = PBXGroup;
			children = (
				537E7B3A246119EC008F579A /* gacha12.app */,
				537E7B50246119EE008F579A /* gacha12Tests.xctest */,
				537E7B5B246119EE008F579A /* gacha12UITests.xctest */,
			);
			name = Products;
			sourceTree = "<group>";
		};
		537E7B3C246119EC008F579A /* gacha12 */ = {
			isa = PBXGroup;
			children = (
				537E7B6D24611B92008F579A /* GachaResources */,
				537E7B3D246119EC008F579A /* AppDelegate.swift */,
				537E7B3F246119EC008F579A /* SceneDelegate.swift */,
				537E7B41246119EC008F579A /* ViewController.swift */,
				537E7B43246119EC008F579A /* Main.storyboard */,
				537E7B46246119EE008F579A /* Assets.xcassets */,
				537E7B48246119EE008F579A /* LaunchScreen.storyboard */,
				537E7B4B246119EE008F579A /* Info.plist */,
				537E7B8C246141F7008F579A /* ResultViewController.swift */,
			);
			path = gacha12;
			sourceTree = "<group>";
		};
		537E7B53246119EE008F579A /* gacha12Tests */ = {
			isa = PBXGroup;
			children = (
				537E7B54246119EE008F579A /* gacha12Tests.swift */,
				537E7B56246119EE008F579A /* Info.plist */,
			);
			path = gacha12Tests;
			sourceTree = "<group>";
		};
		537E7B5E246119EE008F579A /* gacha12UITests */ = {
			isa = PBXGroup;
			children = (
				537E7B5F246119EE008F579A /* gacha12UITests.swift */,
				537E7B61246119EE008F579A /* Info.plist */,
			);
			path = gacha12UITests;
			sourceTree = "<group>";
		};
		537E7B6D24611B92008F579A /* GachaResources */ = {
			isa = PBXGroup;
			children = (
				537E7B6E24611B92008F579A /* background */,
				537E7B7324611B92008F579A /* monster */,
			);
			path = GachaResources;
			sourceTree = "<group>";
		};
		537E7B6E24611B92008F579A /* background */ = {
			isa = PBXGroup;
			children = (
				537E7B6F24611B92008F579A /* bg_blue@2x.png */,
				537E7B7024611B92008F579A /* bg_gold@2x.png */,
				537E7B7124611B92008F579A /* gacha@2x.png */,
				537E7B7224611B92008F579A /* bg_red@2x.png */,
			);
			path = background;
			sourceTree = "<group>";
		};
		537E7B7324611B92008F579A /* monster */ = {
			isa = PBXGroup;
			children = (
				537E7B7424611B92008F579A /* monster005.png */,
				537E7B7524611B92008F579A /* monster010.png */,
				537E7B7624611B92008F579A /* monster004.png */,
				537E7B7724611B92008F579A /* monster006.png */,
				537E7B7824611B92008F579A /* monster007.png */,
				537E7B7924611B92008F579A /* monster003.png */,
				537E7B7A24611B92008F579A /* monster002.png */,
				537E7B7B24611B92008F579A /* monster001.png */,
				537E7B7C24611B92008F579A /* monster009.png */,
				537E7B7D24611B92008F579A /* monster008.png */,
			);
			path = monster;
			sourceTree = "<group>";
		};
/* End PBXGroup section */

/* Begin PBXNativeTarget section */
		537E7B39246119EC008F579A /* gacha12 */ = {
			isa = PBXNativeTarget;
			buildConfigurationList = 537E7B64246119EE008F579A /* Build configuration list for PBXNativeTarget "gacha12" */;
			buildPhases = (
				537E7B36246119EC008F579A /* Sources */,
				537E7B37246119EC008F579A /* Frameworks */,
				537E7B38246119EC008F579A /* Resources */,
			);
			buildRules = (
			);
			dependencies = (
			);
			name = gacha12;
			productName = gacha12;
			productReference = 537E7B3A246119EC008F579A /* gacha12.app */;
			productType = "com.apple.product-type.application";
		};
		537E7B4F246119EE008F579A /* gacha12Tests */ = {
			isa = PBXNativeTarget;
			buildConfigurationList = 537E7B67246119EE008F579A /* Build configuration list for PBXNativeTarget "gacha12Tests" */;
			buildPhases = (
				537E7B4C246119EE008F579A /* Sources */,
				537E7B4D246119EE008F579A /* Frameworks */,
				537E7B4E246119EE008F579A /* Resources */,
			);
			buildRules = (
			);
			dependencies = (
				537E7B52246119EE008F579A /* PBXTargetDependency */,
			);
			name = gacha12Tests;
			productName = gacha12Tests;
			productReference = 537E7B50246119EE008F579A /* gacha12Tests.xctest */;
			productType = "com.apple.product-type.bundle.unit-test";
		};
		537E7B5A246119EE008F579A /* gacha12UITests */ = {
			isa = PBXNativeTarget;
			buildConfigurationList = 537E7B6A246119EE008F579A /* Build configuration list for PBXNativeTarget "gacha12UITests" */;
			buildPhases = (
				537E7B57246119EE008F579A /* Sources */,
				537E7B58246119EE008F579A /* Frameworks */,
				537E7B59246119EE008F579A /* Resources */,
			);
			buildRules = (
			);
			dependencies = (
				537E7B5D246119EE008F579A /* PBXTargetDependency */,
			);
			name = gacha12UITests;
			productName = gacha12UITests;
			productReference = 537E7B5B246119EE008F579A /* gacha12UITests.xctest */;
			productType = "com.apple.product-type.bundle.ui-testing";
		};
/* End PBXNativeTarget section */

/* Begin PBXProject section */
		537E7B32246119EC008F579A /* Project object */ = {
			isa = PBXProject;
			attributes = {
				LastSwiftUpdateCheck = 1140;
				LastUpgradeCheck = 1140;
				ORGANIZATIONNAME = com.litech;
				TargetAttributes = {
					537E7B39246119EC008F579A = {
						CreatedOnToolsVersion = 11.4.1;
					};
					537E7B4F246119EE008F579A = {
						CreatedOnToolsVersion = 11.4.1;
						TestTargetID = 537E7B39246119EC008F579A;
					};
					537E7B5A246119EE008F579A = {
						CreatedOnToolsVersion = 11.4.1;
						TestTargetID = 537E7B39246119EC008F579A;
					};
				};
			};
			buildConfigurationList = 537E7B35246119EC008F579A /* Build configuration list for PBXProject "gacha12" */;
			compatibilityVersion = "Xcode 9.3";
			developmentRegion = en;
			hasScannedForEncodings = 0;
			knownRegions = (
				en,
				Base,
			);
			mainGroup = 537E7B31246119EC008F579A;
			productRefGroup = 537E7B3B246119EC008F579A /* Products */;
			projectDirPath = "";
			projectRoot = "";
			targets = (
				537E7B39246119EC008F579A /* gacha12 */,
				537E7B4F246119EE008F579A /* gacha12Tests */,
				537E7B5A246119EE008F579A /* gacha12UITests */,
			);
		};
/* End PBXProject section */

/* Begin PBXResourcesBuildPhase section */
		537E7B38246119EC008F579A /* Resources */ = {
			isa = PBXResourcesBuildPhase;
			buildActionMask = 2147483647;
			files = (
				537E7B8124611B92008F579A /* bg_red@2x.png in Resources */,
				537E7B4A246119EE008F579A /* LaunchScreen.storyboard in Resources */,
				537E7B8A24611B92008F579A /* monster009.png in Resources */,
				537E7B7F24611B92008F579A /* bg_gold@2x.png in Resources */,
				537E7B8724611B92008F579A /* monster003.png in Resources */,
				537E7B8924611B92008F579A /* monster001.png in Resources */,
				537E7B8B24611B92008F579A /* monster008.png in Resources */,
				537E7B47246119EE008F579A /* Assets.xcassets in Resources */,
				537E7B8624611B92008F579A /* monster007.png in Resources */,
				537E7B8024611B92008F579A /* gacha@2x.png in Resources */,
				537E7B8824611B92008F579A /* monster002.png in Resources */,
				537E7B45246119EC008F579A /* Main.storyboard in Resources */,
				537E7B8324611B92008F579A /* monster010.png in Resources */,
				537E7B8524611B92008F579A /* monster006.png in Resources */,
				537E7B8224611B92008F579A /* monster005.png in Resources */,
				537E7B7E24611B92008F579A /* bg_blue@2x.png in Resources */,
				537E7B8424611B92008F579A /* monster004.png in Resources */,
			);
			runOnlyForDeploymentPostprocessing = 0;
		};
		537E7B4E246119EE008F579A /* Resources */ = {
			isa = PBXResourcesBuildPhase;
			buildActionMask = 2147483647;
			files = (
			);
			runOnlyForDeploymentPostprocessing = 0;
		};
		537E7B59246119EE008F579A /* Resources */ = {
			isa = PBXResourcesBuildPhase;
			buildActionMask = 2147483647;
			files = (
			);
			runOnlyForDeploymentPostprocessing = 0;
		};
/* End PBXResourcesBuildPhase section */

/* Begin PBXSourcesBuildPhase section */
		537E7B36246119EC008F579A /* Sources */ = {
			isa = PBXSourcesBuildPhase;
			buildActionMask = 2147483647;
			files = (
				537E7B42246119EC008F579A /* ViewController.swift in Sources */,
				537E7B3E246119EC008F579A /* AppDelegate.swift in Sources */,
				537E7B40246119EC008F579A /* SceneDelegate.swift in Sources */,
				537E7B8D246141F7008F579A /* ResultViewController.swift in Sources */,
			);
			runOnlyForDeploymentPostprocessing = 0;
		};
		537E7B4C246119EE008F579A /* Sources */ = {
			isa = PBXSourcesBuildPhase;
			buildActionMask = 2147483647;
			files = (
				537E7B55246119EE008F579A /* gacha12Tests.swift in Sources */,
			);
			runOnlyForDeploymentPostprocessing = 0;
		};
		537E7B57246119EE008F579A /* Sources */ = {
			isa = PBXSourcesBuildPhase;
			buildActionMask = 2147483647;
			files = (
				537E7B60246119EE008F579A /* gacha12UITests.swift in Sources */,
			);
			runOnlyForDeploymentPostprocessing = 0;
		};
/* End PBXSourcesBuildPhase section */

/* Begin PBXTargetDependency section */
		537E7B52246119EE008F579A /* PBXTargetDependency */ = {
			isa = PBXTargetDependency;
			target = 537E7B39246119EC008F579A /* gacha12 */;
			targetProxy = 537E7B51246119EE008F579A /* PBXContainerItemProxy */;
		};
		537E7B5D246119EE008F579A /* PBXTargetDependency */ = {
			isa = PBXTargetDependency;
			target = 537E7B39246119EC008F579A /* gacha12 */;
			targetProxy = 537E7B5C246119EE008F579A /* PBXContainerItemProxy */;
		};
/* End PBXTargetDependency section */

/* Begin PBXVariantGroup section */
		537E7B43246119EC008F579A /* Main.storyboard */ = {
			isa = PBXVariantGroup;
			children = (
				537E7B44246119EC008F579A /* Base */,
			);
			name = Main.storyboard;
			sourceTree = "<group>";
		};
		537E7B48246119EE008F579A /* LaunchScreen.storyboard */ = {
			isa = PBXVariantGroup;
			children = (
				537E7B49246119EE008F579A /* Base */,
			);
			name = LaunchScreen.storyboard;
			sourceTree = "<group>";
		};
/* End PBXVariantGroup section */

/* Begin XCBuildConfiguration section */
		537E7B62246119EE008F579A /* Debug */ = {
			isa = XCBuildConfiguration;
			buildSettings = {
				ALWAYS_SEARCH_USER_PATHS = NO;
				CLANG_ANALYZER_NONNULL = YES;
				CLANG_ANALYZER_NUMBER_OBJECT_CONVERSION = YES_AGGRESSIVE;
				CLANG_CXX_LANGUAGE_STANDARD = "gnu++14";
				CLANG_CXX_LIBRARY = "libc++";
				CLANG_ENABLE_MODULES = YES;
				CLANG_ENABLE_OBJC_ARC = YES;
				CLANG_ENABLE_OBJC_WEAK = YES;
				CLANG_WARN_BLOCK_CAPTURE_AUTORELEASING = YES;
				CLANG_WARN_BOOL_CONVERSION = YES;
				CLANG_WARN_COMMA = YES;
				CLANG_WARN_CONSTANT_CONVERSION = YES;
				CLANG_WARN_DEPRECATED_OBJC_IMPLEMENTATIONS = YES;
				CLANG_WARN_DIRECT_OBJC_ISA_USAGE = YES_ERROR;
				CLANG_WARN_DOCUMENTATION_COMMENTS = YES;
				CLANG_WARN_EMPTY_BODY = YES;
				CLANG_WARN_ENUM_CONVERSION = YES;
				CLANG_WARN_INFINITE_RECURSION = YES;
				CLANG_WARN_INT_CONVERSION = YES;
				CLANG_WARN_NON_LITERAL_NULL_CONVERSION = YES;
				CLANG_WARN_OBJC_IMPLICIT_RETAIN_SELF = YES;
				CLANG_WARN_OBJC_LITERAL_CONVERSION = YES;
				CLANG_WARN_OBJC_ROOT_CLASS = YES_ERROR;
				CLANG_WARN_RANGE_LOOP_ANALYSIS = YES;
				CLANG_WARN_STRICT_PROTOTYPES = YES;
				CLANG_WARN_SUSPICIOUS_MOVE = YES;
				CLANG_WARN_UNGUARDED_AVAILABILITY = YES_AGGRESSIVE;
				CLANG_WARN_UNREACHABLE_CODE = YES;
				CLANG_WARN__DUPLICATE_METHOD_MATCH = YES;
				COPY_PHASE_STRIP = NO;
				DEBUG_INFORMATION_FORMAT = dwarf;
				ENABLE_STRICT_OBJC_MSGSEND = YES;
				ENABLE_TESTABILITY = YES;
				GCC_C_LANGUAGE_STANDARD = gnu11;
				GCC_DYNAMIC_NO_PIC = NO;
				GCC_NO_COMMON_BLOCKS = YES;
				GCC_OPTIMIZATION_LEVEL = 0;
				GCC_PREPROCESSOR_DEFINITIONS = (
					"DEBUG=1",
					"$(inherited)",
				);
				GCC_WARN_64_TO_32_BIT_CONVERSION = YES;
				GCC_WARN_ABOUT_RETURN_TYPE = YES_ERROR;
				GCC_WARN_UNDECLARED_SELECTOR = YES;
				GCC_WARN_UNINITIALIZED_AUTOS = YES_AGGRESSIVE;
				GCC_WARN_UNUSED_FUNCTION = YES;
				GCC_WARN_UNUSED_VARIABLE = YES;
				IPHONEOS_DEPLOYMENT_TARGET = 13.4;
				MTL_ENABLE_DEBUG_INFO = INCLUDE_SOURCE;
				MTL_FAST_MATH = YES;
				ONLY_ACTIVE_ARCH = YES;
				SDKROOT = iphoneos;
				SWIFT_ACTIVE_COMPILATION_CONDITIONS = DEBUG;
				SWIFT_OPTIMIZATION_LEVEL = "-Onone";
			};
			name = Debug;
		};
		537E7B63246119EE008F579A /* Release */ = {
			isa = XCBuildConfiguration;
			buildSettings = {
				ALWAYS_SEARCH_USER_PATHS = NO;
				CLANG_ANALYZER_NONNULL = YES;
				CLANG_ANALYZER_NUMBER_OBJECT_CONVERSION = YES_AGGRESSIVE;
				CLANG_CXX_LANGUAGE_STANDARD = "gnu++14";
				CLANG_CXX_LIBRARY = "libc++";
				CLANG_ENABLE_MODULES = YES;
				CLANG_ENABLE_OBJC_ARC = YES;
				CLANG_ENABLE_OBJC_WEAK = YES;
				CLANG_WARN_BLOCK_CAPTURE_AUTORELEASING = YES;
				CLANG_WARN_BOOL_CONVERSION = YES;
				CLANG_WARN_COMMA = YES;
				CLANG_WARN_CONSTANT_CONVERSION = YES;
				CLANG_WARN_DEPRECATED_OBJC_IMPLEMENTATIONS = YES;
				CLANG_WARN_DIRECT_OBJC_ISA_USAGE = YES_ERROR;
				CLANG_WARN_DOCUMENTATION_COMMENTS = YES;
				CLANG_WARN_EMPTY_BODY = YES;
				CLANG_WARN_ENUM_CONVERSION = YES;
				CLANG_WARN_INFINITE_RECURSION = YES;
				CLANG_WARN_INT_CONVERSION = YES;
				CLANG_WARN_NON_LITERAL_NULL_CONVERSION = YES;
				CLANG_WARN_OBJC_IMPLICIT_RETAIN_SELF = YES;
				CLANG_WARN_OBJC_LITERAL_CONVERSION = YES;
				CLANG_WARN_OBJC_ROOT_CLASS = YES_ERROR;
				CLANG_WARN_RANGE_LOOP_ANALYSIS = YES;
				CLANG_WARN_STRICT_PROTOTYPES = YES;
				CLANG_WARN_SUSPICIOUS_MOVE = YES;
				CLANG_WARN_UNGUARDED_AVAILABILITY = YES_AGGRESSIVE;
				CLANG_WARN_UNREACHABLE_CODE = YES;
				CLANG_WARN__DUPLICATE_METHOD_MATCH = YES;
				COPY_PHASE_STRIP = NO;
				DEBUG_INFORMATION_FORMAT = "dwarf-with-dsym";
				ENABLE_NS_ASSERTIONS = NO;
				ENABLE_STRICT_OBJC_MSGSEND = YES;
				GCC_C_LANGUAGE_STANDARD = gnu11;
				GCC_NO_COMMON_BLOCKS = YES;
				GCC_WARN_64_TO_32_BIT_CONVERSION = YES;
				GCC_WARN_ABOUT_RETURN_TYPE = YES_ERROR;
				GCC_WARN_UNDECLARED_SELECTOR = YES;
				GCC_WARN_UNINITIALIZED_AUTOS = YES_AGGRESSIVE;
				GCC_WARN_UNUSED_FUNCTION = YES;
				GCC_WARN_UNUSED_VARIABLE = YES;
				IPHONEOS_DEPLOYMENT_TARGET = 13.4;
				MTL_ENABLE_DEBUG_INFO = NO;
				MTL_FAST_MATH = YES;
				SDKROOT = iphoneos;
				SWIFT_COMPILATION_MODE = wholemodule;
				SWIFT_OPTIMIZATION_LEVEL = "-O";
				VALIDATE_PRODUCT = YES;
			};
			name = Release;
		};
		537E7B65246119EE008F579A /* Debug */ = {
			isa = XCBuildConfiguration;
			buildSettings = {
				ASSETCATALOG_COMPILER_APPICON_NAME = AppIcon;
				CODE_SIGN_STYLE = Automatic;
				DEVELOPMENT_TEAM = XJ6K9Z9DL9;
				INFOPLIST_FILE = gacha12/Info.plist;
				LD_RUNPATH_SEARCH_PATHS = (
					"$(inherited)",
					"@executable_path/Frameworks",
				);
				PRODUCT_BUNDLE_IDENTIFIER = com.litech.gacha12;
				PRODUCT_NAME = "$(TARGET_NAME)";
				SWIFT_VERSION = 5.0;
				TARGETED_DEVICE_FAMILY = "1,2";
			};
			name = Debug;
		};
		537E7B66246119EE008F579A /* Release */ = {
			isa = XCBuildConfiguration;
			buildSettings = {
				ASSETCATALOG_COMPILER_APPICON_NAME = AppIcon;
				CODE_SIGN_STYLE = Automatic;
				DEVELOPMENT_TEAM = XJ6K9Z9DL9;
				INFOPLIST_FILE = gacha12/Info.plist;
				LD_RUNPATH_SEARCH_PATHS = (
					"$(inherited)",
					"@executable_path/Frameworks",
				);
				PRODUCT_BUNDLE_IDENTIFIER = com.litech.gacha12;
				PRODUCT_NAME = "$(TARGET_NAME)";
				SWIFT_VERSION = 5.0;
				TARGETED_DEVICE_FAMILY = "1,2";
			};
			name = Release;
		};
		537E7B68246119EE008F579A /* Debug */ = {
			isa = XCBuildConfiguration;
			buildSettings = {
				ALWAYS_EMBED_SWIFT_STANDARD_LIBRARIES = YES;
				BUNDLE_LOADER = "$(TEST_HOST)";
				CODE_SIGN_STYLE = Automatic;
				DEVELOPMENT_TEAM = XJ6K9Z9DL9;
				INFOPLIST_FILE = gacha12Tests/Info.plist;
				IPHONEOS_DEPLOYMENT_TARGET = 13.4;
				LD_RUNPATH_SEARCH_PATHS = (
					"$(inherited)",
					"@executable_path/Frameworks",
					"@loader_path/Frameworks",
				);
				PRODUCT_BUNDLE_IDENTIFIER = com.litech.gacha12Tests;
				PRODUCT_NAME = "$(TARGET_NAME)";
				SWIFT_VERSION = 5.0;
				TARGETED_DEVICE_FAMILY = "1,2";
				TEST_HOST = "$(BUILT_PRODUCTS_DIR)/gacha12.app/gacha12";
			};
			name = Debug;
		};
		537E7B69246119EE008F579A /* Release */ = {
			isa = XCBuildConfiguration;
			buildSettings = {
				ALWAYS_EMBED_SWIFT_STANDARD_LIBRARIES = YES;
				BUNDLE_LOADER = "$(TEST_HOST)";
				CODE_SIGN_STYLE = Automatic;
				DEVELOPMENT_TEAM = XJ6K9Z9DL9;
				INFOPLIST_FILE = gacha12Tests/Info.plist;
				IPHONEOS_DEPLOYMENT_TARGET = 13.4;
				LD_RUNPATH_SEARCH_PATHS = (
					"$(inherited)",
					"@executable_path/Frameworks",
					"@loader_path/Frameworks",
				);
				PRODUCT_BUNDLE_IDENTIFIER = com.litech.gacha12Tests;
				PRODUCT_NAME = "$(TARGET_NAME)";
				SWIFT_VERSION = 5.0;
				TARGETED_DEVICE_FAMILY = "1,2";
				TEST_HOST = "$(BUILT_PRODUCTS_DIR)/gacha12.app/gacha12";
			};
			name = Release;
		};
		537E7B6B246119EE008F579A /* Debug */ = {
			isa = XCBuildConfiguration;
			buildSettings = {
				ALWAYS_EMBED_SWIFT_STANDARD_LIBRARIES = YES;
				CODE_SIGN_STYLE = Automatic;
				DEVELOPMENT_TEAM = XJ6K9Z9DL9;
				INFOPLIST_FILE = gacha12UITests/Info.plist;
				LD_RUNPATH_SEARCH_PATHS = (
					"$(inherited)",
					"@executable_path/Frameworks",
					"@loader_path/Frameworks",
				);
				PRODUCT_BUNDLE_IDENTIFIER = com.litech.gacha12UITests;
				PRODUCT_NAME = "$(TARGET_NAME)";
				SWIFT_VERSION = 5.0;
				TARGETED_DEVICE_FAMILY = "1,2";
				TEST_TARGET_NAME = gacha12;
			};
			name = Debug;
		};
		537E7B6C246119EE008F579A /* Release */ = {
			isa = XCBuildConfiguration;
			buildSettings = {
				ALWAYS_EMBED_SWIFT_STANDARD_LIBRARIES = YES;
				CODE_SIGN_STYLE = Automatic;
				DEVELOPMENT_TEAM = XJ6K9Z9DL9;
				INFOPLIST_FILE = gacha12UITests/Info.plist;
				LD_RUNPATH_SEARCH_PATHS = (
					"$(inherited)",
					"@executable_path/Frameworks",
					"@loader_path/Frameworks",
				);
				PRODUCT_BUNDLE_IDENTIFIER = com.litech.gacha12UITests;
				PRODUCT_NAME = "$(TARGET_NAME)";
				SWIFT_VERSION = 5.0;
				TARGETED_DEVICE_FAMILY = "1,2";
				TEST_TARGET_NAME = gacha12;
			};
			name = Release;
		};
/* End XCBuildConfiguration section */

/* Begin XCConfigurationList section */
		537E7B35246119EC008F579A /* Build configuration list for PBXProject "gacha12" */ = {
			isa = XCConfigurationList;
			buildConfigurations = (
				537E7B62246119EE008F579A /* Debug */,
				537E7B63246119EE008F579A /* Release */,
			);
			defaultConfigurationIsVisible = 0;
			defaultConfigurationName = Release;
		};
		537E7B64246119EE008F579A /* Build configuration list for PBXNativeTarget "gacha12" */ = {
			isa = XCConfigurationList;
			buildConfigurations = (
				537E7B65246119EE008F579A /* Debug */,
				537E7B66246119EE008F579A /* Release */,
			);
			defaultConfigurationIsVisible = 0;
			defaultConfigurationName = Release;
		};
		537E7B67246119EE008F579A /* Build configuration list for PBXNativeTarget "gacha12Tests" */ = {
			isa = XCConfigurationList;
			buildConfigurations = (
				537E7B68246119EE008F579A /* Debug */,
				537E7B69246119EE008F579A /* Release */,
			);
			defaultConfigurationIsVisible = 0;
			defaultConfigurationName = Release;
		};
		537E7B6A246119EE008F579A /* Build configuration list for PBXNativeTarget "gacha12UITests" */ = {
			isa = XCConfigurationList;
			buildConfigurations = (
				537E7B6B246119EE008F579A /* Debug */,
				537E7B6C246119EE008F579A /* Release */,
			);
			defaultConfigurationIsVisible = 0;
			defaultConfigurationName = Release;
		};
/* End XCConfigurationList section */
	};
	rootObject = 537E7B32246119EC008F579A /* Project object */;
}
